<?xml version="1.0" encoding="utf-8"?>
<Project ToolsVersion="16.0" xmlns="http://schemas.microsoft.com/developer/msbuild/2003">
  <ItemGroup>
    <ClCompile Include="C:\Users\Nebiyu\source\repos\maze-visibility\src\MapWidget.cpp">
      <Filter>Source Files</Filter>
    </ClCompile>
    <ClCompile Include="C:\Users\Nebiyu\source\repos\maze-visibility\src\Maze.cpp">
      <Filter>Source Files</Filter>
    </ClCompile>
    <ClCompile Include="C:\Users\Nebiyu\source\repos\maze-visibility\src\MazeWindow.cpp">
      <Filter>Source Files</Filter>
    </ClCompile>
    <ClCompile Include="C:\Users\Nebiyu\source\repos\maze-visibility\src\RunMaze.cpp">
      <Filter>Source Files</Filter>
    </ClCompile>
  </ItemGroup>
  <ItemGroup>
    <ClInclude Include="C:\Users\Nebiyu\source\repos\maze-visibility\src\MapWidget.h">
      <Filter>Header Files</Filter>
    </ClInclude>
    <ClInclude Include="C:\Users\Nebiyu\source\repos\maze-visibility\src\Maze.h">
      <Filter>Header Files</Filter>
    </ClInclude>
    <ClInclude Include="C:\Users\Nebiyu\source\repos\maze-visibility\src\MazeWindow.h">
      <Filter>Header Files</Filter>
    </ClInclude>
  </ItemGroup>
  <ItemGroup>
    <CustomBuild Include="C:\Users\Nebiyu\source\repos\maze-visibility\CMakeLists.txt" />
  </ItemGroup>
  <ItemGroup>
    <Filter Include="Header Files">
      <UniqueIdentifier>{7BEBB92E-4198-33C6-8135-149400020A0D}</UniqueIdentifier>
    </Filter>
    <Filter Include="Source Files">
      <UniqueIdentifier>{FBA7D0D0-053C-3D8C-9B44-379CF29CF7B1}</UniqueIdentifier>
    </Filter>
  </ItemGroup>
</Project>
